
Microsoft Visual Studio Solution File, Format Version 12.00
# Visual Studio Version 17
VisualStudioVersion = 17.13.35913.81 d17.13
MinimumVisualStudioVersion = 10.0.40219.1
Project("{FAE04EC0-301F-11D3-BF4B-00C04F79EFBC}") = "genetik_sev", "genetik_sev\genetik_sev.csproj", "{FE872637-9613-4675-A869-203B3A99D527}"
EndProject
Global
	GlobalSection(SolutionConfigurationPlatforms) = preSolution
		Debug|Any CPU = Debug|Any CPU
		Release|Any CPU = Release|Any CPU
	EndGlobalSection
	GlobalSection(ProjectConfigurationPlatforms) = postSolution
		{FE872637-9613-4675-A869-203B3A99D527}.Debug|Any CPU.ActiveCfg = Debug|Any CPU
		{FE872637-9613-4675-A869-203B3A99D527}.Debug|Any CPU.Build.0 = Debug|Any CPU
		{FE872637-9613-4675-A869-203B3A99D527}.Release|Any CPU.ActiveCfg = Release|Any CPU
		{FE872637-9613-4675-A869-203B3A99D527}.Release|Any CPU.Build.0 = Release|Any CPU
	EndGlobalSection
	GlobalSection(SolutionProperties) = preSolution
		HideSolutionNode = FALSE
	EndGlobalSection
	GlobalSection(ExtensibilityGlobals) = postSolution
		SolutionGuid = {2864E772-A2F9-4435-BE33-3594886C22B5}
	EndGlobalSection
EndGlobal
